<?xml version="1.0" encoding="utf-8"?>
<Project ToolsVersion="4.0" xmlns="http://schemas.microsoft.com/developer/msbuild/2003">
  <ItemGroup>
    <Filter Include="소스 파일">
      <UniqueIdentifier>{4FC737F1-C7A5-4376-A066-2A32D752A2FF}</UniqueIdentifier>
      <Extensions>cpp;c;cc;cxx;def;odl;idl;hpj;bat;asm;asmx</Extensions>
    </Filter>
    <Filter Include="헤더 파일">
      <UniqueIdentifier>{93995380-89BD-4b04-88EB-625FBE52EBFB}</UniqueIdentifier>
      <Extensions>h;hh;hpp;hxx;hm;inl;inc;xsd</Extensions>
    </Filter>
    <Filter Include="리소스 파일">
      <UniqueIdentifier>{67DA6AB6-F800-4c08-8B7A-83BB121AAD01}</UniqueIdentifier>
      <Extensions>rc;ico;cur;bmp;dlg;rc2;rct;bin;rgs;gif;jpg;jpeg;jpe;resx;tiff;tif;png;wav;mfcribbon-ms</Extensions>
    </Filter>
    <Filter Include="Framework">
      <UniqueIdentifier>{9e3ef27c-8694-4452-97e6-5c9c0b6622c2}</UniqueIdentifier>
    </Filter>
    <Filter Include="Precompiled">
      <UniqueIdentifier>{efc3a434-b8c8-4f19-a2f8-efd5215af19e}</UniqueIdentifier>
    </Filter>
    <Filter Include="Scene">
      <UniqueIdentifier>{5454de30-4059-431d-a489-697748d418c1}</UniqueIdentifier>
    </Filter>
    <Filter Include="Practice">
      <UniqueIdentifier>{32202e2b-164c-4ef3-93c9-dcaf47a1a26c}</UniqueIdentifier>
    </Filter>
    <Filter Include="Scene\MainScene">
      <UniqueIdentifier>{e19893eb-d29c-468b-993c-374db553851d}</UniqueIdentifier>
    </Filter>
    <Filter Include="Scene\TuteringScene">
      <UniqueIdentifier>{e87a2874-bc7e-47ed-b471-2faaaf3024cb}</UniqueIdentifier>
    </Filter>
    <Filter Include="Practice\Object">
      <UniqueIdentifier>{76e8debd-dc14-49d2-8ace-13c01a4419b0}</UniqueIdentifier>
    </Filter>
    <Filter Include="Practice\Object\Orbit">
      <UniqueIdentifier>{76637014-4697-406b-b9ba-bba17e929f73}</UniqueIdentifier>
    </Filter>
    <Filter Include="Practice\Object\Sphere">
      <UniqueIdentifier>{a6a7004c-0683-46e6-beb4-61761a7a70db}</UniqueIdentifier>
    </Filter>
    <Filter Include="Practice\Object\Cube">
      <UniqueIdentifier>{fc7c5281-a52d-4ac5-9c61-c8b3200a0987}</UniqueIdentifier>
    </Filter>
    <Filter Include="Practice\Object\Crane">
      <UniqueIdentifier>{3574da41-f268-4be9-a964-3ad124ca3739}</UniqueIdentifier>
    </Filter>
    <Filter Include="Practice\Object\Tree_Sphere">
      <UniqueIdentifier>{d01aac4a-1e4a-47fa-a9da-ec8851763d6b}</UniqueIdentifier>
    </Filter>
    <Filter Include="Practice\Object\Building_Torus">
      <UniqueIdentifier>{d9eb1125-9ae8-4e2d-ba0e-72fdd4baeb0a}</UniqueIdentifier>
    </Filter>
    <Filter Include="Practice\Object\Building_Cone">
      <UniqueIdentifier>{7c7f72d4-8a72-4944-a877-546a18290fda}</UniqueIdentifier>
    </Filter>
    <Filter Include="Practice\Object\Building_n">
      <UniqueIdentifier>{29ceef68-d2b2-473a-b1fa-aff217b2b3ea}</UniqueIdentifier>
    </Filter>
    <Filter Include="Practice\Object\Tree_Cube">
      <UniqueIdentifier>{b9a35f26-15e6-4a88-850a-894e15e7f4b3}</UniqueIdentifier>
    </Filter>
    <Filter Include="Practice\11~20">
      <UniqueIdentifier>{08485f83-762e-45ba-9387-bfda0f02539c}</UniqueIdentifier>
    </Filter>
    <Filter Include="Practice\11~20\20">
      <UniqueIdentifier>{c8ea4956-25b4-43c0-9433-ec64fb9b970e}</UniqueIdentifier>
    </Filter>
    <Filter Include="Practice\11~20\11">
      <UniqueIdentifier>{60f08133-fe4d-42cb-9f9c-824aac93b222}</UniqueIdentifier>
    </Filter>
    <Filter Include="Practice\11~20\12">
      <UniqueIdentifier>{a5ade33a-d97d-4478-b0ae-e01ffdf90acd}</UniqueIdentifier>
    </Filter>
    <Filter Include="Practice\11~20\13">
      <UniqueIdentifier>{4646bbb9-42c7-4072-b90a-4cd224633c2d}</UniqueIdentifier>
    </Filter>
    <Filter Include="Practice\11~20\14">
      <UniqueIdentifier>{2fc0b8a6-4c33-402f-ac66-8147dc48e193}</UniqueIdentifier>
    </Filter>
    <Filter Include="Practice\11~20\15">
      <UniqueIdentifier>{ae58fe4f-cd05-41aa-afb3-dd439451da03}</UniqueIdentifier>
    </Filter>
    <Filter Include="Practice\11~20\16">
      <UniqueIdentifier>{1d07d08c-21e9-4957-848e-3f4d2994cea0}</UniqueIdentifier>
    </Filter>
    <Filter Include="Practice\11~20\17">
      <UniqueIdentifier>{56fa81f8-bea3-4097-8fbd-6cb8df3e1b15}</UniqueIdentifier>
    </Filter>
    <Filter Include="Practice\11~20\18">
      <UniqueIdentifier>{117d40fc-42b1-4b96-a312-7363d695ad45}</UniqueIdentifier>
    </Filter>
    <Filter Include="Practice\11~20\19">
      <UniqueIdentifier>{5686bdbf-b7ee-4578-aa8b-4125cc1f6728}</UniqueIdentifier>
    </Filter>
    <Filter Include="Practice\26">
      <UniqueIdentifier>{8a45cd49-41e6-4b6d-ba89-a8f21dcb660b}</UniqueIdentifier>
    </Filter>
    <Filter Include="Practice\27">
      <UniqueIdentifier>{d1be6181-a978-446c-ab59-601b7ee4fe69}</UniqueIdentifier>
    </Filter>
    <Filter Include="Practice\28">
      <UniqueIdentifier>{2cc5b075-a44b-4632-8fe5-7e926bd295ac}</UniqueIdentifier>
    </Filter>
    <Filter Include="Practice\25">
      <UniqueIdentifier>{5690d1e9-98f2-4e4a-ba92-7091ac3da771}</UniqueIdentifier>
    </Filter>
    <Filter Include="Practice\24">
      <UniqueIdentifier>{c03df575-ac6a-4827-a404-f0767ebe1d3e}</UniqueIdentifier>
    </Filter>
    <Filter Include="Practice\21">
      <UniqueIdentifier>{99a4bbc6-3e93-498a-9625-f57bed611124}</UniqueIdentifier>
    </Filter>
    <Filter Include="Practice\22">
      <UniqueIdentifier>{9850740e-4182-41aa-9aab-6e1ec689830e}</UniqueIdentifier>
    </Filter>
    <Filter Include="Practice\23">
      <UniqueIdentifier>{a310accf-9f37-4cbc-8a2e-42fbd21fdf89}</UniqueIdentifier>
    </Filter>
  </ItemGroup>
  <ItemGroup>
    <ClInclude Include="Framework.h">
      <Filter>Framework</Filter>
    </ClInclude>
    <ClInclude Include="stdafx.h">
      <Filter>Precompiled</Filter>
    </ClInclude>
    <ClInclude Include="targetver.h">
      <Filter>Precompiled</Filter>
    </ClInclude>
    <ClInclude Include="Scene.h">
      <Filter>Scene</Filter>
    </ClInclude>
    <ClInclude Include="Vec2f.h">
      <Filter>헤더 파일</Filter>
    </ClInclude>
    <ClInclude Include="Vector3D.h">
      <Filter>헤더 파일</Filter>
    </ClInclude>
    <ClInclude Include="Practice.h">
      <Filter>Practice</Filter>
    </ClInclude>
    <ClInclude Include="Practice11.h">
      <Filter>Practice\11~20\11</Filter>
    </ClInclude>
    <ClInclude Include="Practice12.h">
      <Filter>Practice\11~20\12</Filter>
    </ClInclude>
    <ClInclude Include="MainScene.h">
      <Filter>Scene\MainScene</Filter>
    </ClInclude>
    <ClInclude Include="TuteringScene.h">
      <Filter>Scene\TuteringScene</Filter>
    </ClInclude>
    <ClInclude Include="Practice13.h">
      <Filter>Practice\11~20\13</Filter>
    </ClInclude>
    <ClInclude Include="Practice14.h">
      <Filter>Practice\11~20\14</Filter>
    </ClInclude>
    <ClInclude Include="Practice15.h">
      <Filter>Practice\11~20\15</Filter>
    </ClInclude>
    <ClInclude Include="Practice16.h">
      <Filter>Practice\11~20\16</Filter>
    </ClInclude>
    <ClInclude Include="Practice17.h">
      <Filter>Practice\11~20\17</Filter>
    </ClInclude>
    <ClInclude Include="Practice18.h">
      <Filter>Practice\11~20\18</Filter>
    </ClInclude>
    <ClInclude Include="Practice19.h">
      <Filter>Practice\11~20\19</Filter>
    </ClInclude>
    <ClInclude Include="Practice20.h">
      <Filter>Practice\11~20\20</Filter>
    </ClInclude>
    <ClInclude Include="Practice21.h">
      <Filter>Practice\21</Filter>
    </ClInclude>
    <ClInclude Include="Orbit.h">
      <Filter>Practice\Object\Orbit</Filter>
    </ClInclude>
    <ClInclude Include="Sphere.h">
      <Filter>Practice\Object\Sphere</Filter>
    </ClInclude>
    <ClInclude Include="DataStructure3D.h">
      <Filter>헤더 파일</Filter>
    </ClInclude>
    <ClInclude Include="Cube.h">
      <Filter>Practice\Object\Cube</Filter>
    </ClInclude>
    <ClInclude Include="Crane.h">
      <Filter>Practice\Object\Crane</Filter>
    </ClInclude>
    <ClInclude Include="Tree_Sphere.h">
      <Filter>Practice\Object\Tree_Sphere</Filter>
    </ClInclude>
    <ClInclude Include="Tree_Cube.h">
      <Filter>Practice\Object\Tree_Cube</Filter>
    </ClInclude>
    <ClInclude Include="Building_n.h">
      <Filter>Practice\Object\Building_n</Filter>
    </ClInclude>
    <ClInclude Include="Building_Cone.h">
      <Filter>Practice\Object\Building_Cone</Filter>
    </ClInclude>
    <ClInclude Include="Building_Torus.h">
      <Filter>Practice\Object\Building_Torus</Filter>
    </ClInclude>
    <ClInclude Include="Practice22.h">
      <Filter>Practice\22</Filter>
    </ClInclude>
    <ClInclude Include="Practice23.h">
      <Filter>Practice\23</Filter>
    </ClInclude>
    <ClInclude Include="Practice24.h">
      <Filter>Practice\24</Filter>
    </ClInclude>
    <ClInclude Include="Practice25.h">
      <Filter>Practice\25</Filter>
    </ClInclude>
    <ClInclude Include="resource.h">
      <Filter>헤더 파일</Filter>
    </ClInclude>
    <ClInclude Include="Camera_OpenGL.h">
      <Filter>소스 파일</Filter>
    </ClInclude>
    <ClInclude Include="Practice26.h">
      <Filter>Practice\26</Filter>
    </ClInclude>
    <ClInclude Include="Practice27.h">
      <Filter>Practice\27</Filter>
    </ClInclude>
    <ClInclude Include="Practice28.h">
      <Filter>Practice\28</Filter>
    </ClInclude>
  </ItemGroup>
  <ItemGroup>
    <ClCompile Include="Framework.cpp">
      <Filter>Framework</Filter>
    </ClCompile>
    <ClCompile Include="Scene.cpp">
      <Filter>Scene</Filter>
    </ClCompile>
    <ClCompile Include="stdafx.cpp">
      <Filter>Precompiled</Filter>
    </ClCompile>
    <ClCompile Include="maincpp.cpp">
      <Filter>소스 파일</Filter>
    </ClCompile>
    <ClCompile Include="Practice.cpp">
      <Filter>Practice</Filter>
    </ClCompile>
    <ClCompile Include="Practice11.cpp">
      <Filter>Practice\11~20\11</Filter>
    </ClCompile>
    <ClCompile Include="Practice12.cpp">
      <Filter>Practice\11~20\12</Filter>
    </ClCompile>
    <ClCompile Include="MainScene.cpp">
      <Filter>Scene\MainScene</Filter>
    </ClCompile>
    <ClCompile Include="TuteringScene.cpp">
      <Filter>Scene\TuteringScene</Filter>
    </ClCompile>
    <ClCompile Include="Practice13.cpp">
      <Filter>Practice\11~20\13</Filter>
    </ClCompile>
    <ClCompile Include="Practice14.cpp">
      <Filter>Practice\11~20\14</Filter>
    </ClCompile>
    <ClCompile Include="Practice15.cpp">
      <Filter>Practice\11~20\15</Filter>
    </ClCompile>
    <ClCompile Include="Practice16.cpp">
      <Filter>Practice\11~20\16</Filter>
    </ClCompile>
    <ClCompile Include="Practice17.cpp">
      <Filter>Practice\11~20\17</Filter>
    </ClCompile>
    <ClCompile Include="Practice18.cpp">
      <Filter>Practice\11~20\18</Filter>
    </ClCompile>
    <ClCompile Include="Practice19.cpp">
      <Filter>Practice\11~20\19</Filter>
    </ClCompile>
    <ClCompile Include="Practice20.cpp">
      <Filter>Practice\11~20\20</Filter>
    </ClCompile>
    <ClCompile Include="Practice21.cpp">
      <Filter>Practice\21</Filter>
    </ClCompile>
    <ClCompile Include="Orbit.cpp">
      <Filter>Practice\Object\Orbit</Filter>
    </ClCompile>
    <ClCompile Include="Sphere.cpp">
      <Filter>Practice\Object\Sphere</Filter>
    </ClCompile>
    <ClCompile Include="Cube.cpp">
      <Filter>Practice\Object\Cube</Filter>
    </ClCompile>
    <ClCompile Include="Crane.cpp">
      <Filter>Practice\Object\Crane</Filter>
    </ClCompile>
    <ClCompile Include="Tree_Sphere.cpp">
      <Filter>Practice\Object\Tree_Sphere</Filter>
    </ClCompile>
    <ClCompile Include="Tree_Cube.cpp">
      <Filter>Practice\Object\Tree_Cube</Filter>
    </ClCompile>
    <ClCompile Include="Building_n.cpp">
      <Filter>Practice\Object\Building_n</Filter>
    </ClCompile>
    <ClCompile Include="Building_Cone.cpp">
      <Filter>Practice\Object\Building_Cone</Filter>
    </ClCompile>
    <ClCompile Include="Building_Torus.cpp">
      <Filter>Practice\Object\Building_Torus</Filter>
    </ClCompile>
    <ClCompile Include="Practice22.cpp">
      <Filter>Practice\22</Filter>
    </ClCompile>
    <ClCompile Include="Practice23.cpp">
      <Filter>Practice\23</Filter>
    </ClCompile>
    <ClCompile Include="Practice24.cpp">
      <Filter>Practice\24</Filter>
    </ClCompile>
    <ClCompile Include="Practice25.cpp">
      <Filter>Practice\25</Filter>
    </ClCompile>
    <ClCompile Include="Camera_OpenGL.cpp">
      <Filter>소스 파일</Filter>
    </ClCompile>
    <ClCompile Include="Practice26.cpp">
      <Filter>Practice\26</Filter>
    </ClCompile>
    <ClCompile Include="Practice27.cpp">
      <Filter>Practice\27</Filter>
    </ClCompile>
    <ClCompile Include="Practice28.cpp">
      <Filter>Practice\28</Filter>
    </ClCompile>
  </ItemGroup>
</Project>